# Generated by pub
# See https://dart.dev/tools/pub/glossary#lockfile
packages:
  animated_stack_widget:
    dependency: transitive
    description:
      name: animated_stack_widget
      sha256: ce4788dd158768c9d4388354b6fb72600b78e041a37afc4c279c63ecafcb9408
      url: "https://pub.dev"
    source: hosted
    version: "0.0.4"
  ansi_styles:
    dependency: transitive
    description:
      name: ansi_styles
      sha256: "9c656cc12b3c27b17dd982b2cc5c0cfdfbdabd7bc8f3ae5e8542d9867b47ce8a"
      url: "https://pub.dev"
    source: hosted
    version: "0.3.2+1"
  app_links:
    dependency: transitive
    description:
      name: app_links
      sha256: "3462d9defc61565fde4944858b59bec5be2b9d5b05f20aed190adb3ad08a7abc"
      url: "https://pub.dev"
    source: hosted
    version: "7.0.0"
  app_links_linux:
    dependency: transitive
    description:
      name: app_links_linux
      sha256: f5f7173a78609f3dfd4c2ff2c95bd559ab43c80a87dc6a095921d96c05688c81
      url: "https://pub.dev"
    source: hosted
    version: "1.0.3"
  app_links_platform_interface:
    dependency: transitive
    description:
      name: app_links_platform_interface
      sha256: "05f5379577c513b534a29ddea68176a4d4802c46180ee8e2e966257158772a3f"
      url: "https://pub.dev"
    source: hosted
    version: "2.0.2"
  app_links_web:
    dependency: transitive
    description:
      name: app_links_web
      sha256: af060ed76183f9e2b87510a9480e56a5352b6c249778d07bd2c95fc35632a555
      url: "https://pub.dev"
    source: hosted
    version: "1.0.4"
  args:
    dependency: transitive
    description:
      name: args
      sha256: d0481093c50b1da8910eb0bb301626d4d8eb7284aa739614d2b394ee09e3ea04
      url: "https://pub.dev"
    source: hosted
    version: "2.7.0"
  async:
    dependency: transitive
    description:
      name: async
      sha256: "758e6d74e971c3e5aceb4110bfd6698efc7f501675bcfe0c775459a8140750eb"
      url: "https://pub.dev"
    source: hosted
    version: "2.13.0"
  async_executor:
    dependency: transitive
    description:
      name: async_executor
      sha256: fd76354b27d1ba3876fb86b32ea27f94d71a04162e4d98ad8f493f596c6c36f3
      url: "https://pub.dev"
    source: hosted
    version: "0.0.2"
  back_button_interceptor:
    dependency: transitive
    description:
      name: back_button_interceptor
      sha256: "8354b03320043db546e3f446af171faaa71384100486444113628f7db1e7fe9b"
      url: "https://pub.dev"
    source: hosted
    version: "7.0.3"
  bloc:
    dependency: transitive
    description:
      name: bloc
      sha256: "106842ad6569f0b60297619e9e0b1885c2fb9bf84812935490e6c5275777804e"
      url: "https://pub.dev"
    source: hosted
    version: "8.1.4"
  boolean_selector:
    dependency: transitive
    description:
      name: boolean_selector
      sha256: "8aab1771e1243a5063b8b0ff68042d67334e3feab9e95b9490f9a6ebf73b42ea"
      url: "https://pub.dev"
    source: hosted
    version: "2.1.2"
  cached_network_image:
    dependency: transitive
    description:
      name: cached_network_image
      sha256: "7c1183e361e5c8b0a0f21a28401eecdbde252441106a9816400dd4c2b2424916"
      url: "https://pub.dev"
    source: hosted
    version: "3.4.1"
  cached_network_image_platform_interface:
    dependency: transitive
    description:
      name: cached_network_image_platform_interface
      sha256: "35814b016e37fbdc91f7ae18c8caf49ba5c88501813f73ce8a07027a395e2829"
      url: "https://pub.dev"
    source: hosted
    version: "4.1.1"
  cached_network_image_web:
    dependency: transitive
    description:
      name: cached_network_image_web
      sha256: "980842f4e8e2535b8dbd3d5ca0b1f0ba66bf61d14cc3a17a9b4788a3685ba062"
      url: "https://pub.dev"
    source: hosted
    version: "1.3.1"
  characters:
    dependency: transitive
    description:
      name: characters
      sha256: f71061c654a3380576a52b451dd5532377954cf9dbd272a78fc8479606670803
      url: "https://pub.dev"
    source: hosted
    version: "1.4.0"
  charcode:
    dependency: transitive
    description:
      name: charcode
      sha256: fb0f1107cac15a5ea6ef0a6ef71a807b9e4267c713bb93e00e92d737cc8dbd8a
      url: "https://pub.dev"
    source: hosted
    version: "1.4.0"
  checked_yaml:
    dependency: transitive
    description:
      name: checked_yaml
      sha256: "959525d3162f249993882720d52b7e0c833978df229be20702b33d48d91de70f"
      url: "https://pub.dev"
    source: hosted
    version: "2.0.4"
  cli_launcher:
    dependency: transitive
    description:
      name: cli_launcher
      sha256: "17d2744fb9a254c49ec8eda582536abe714ea0131533e24389843a4256f82eac"
      url: "https://pub.dev"
    source: hosted
    version: "0.3.2+1"
  cli_util:
    dependency: transitive
    description:
      name: cli_util
      sha256: ff6785f7e9e3c38ac98b2fb035701789de90154024a75b6cb926445e83197d1c
      url: "https://pub.dev"
    source: hosted
    version: "0.4.2"
  clock:
    dependency: transitive
    description:
      name: clock
      sha256: fddb70d9b5277016c77a80201021d40a2247104d9f4aa7bab7157b7e3f05b84b
      url: "https://pub.dev"
    source: hosted
    version: "1.1.2"
  collection:
    dependency: transitive
    description:
      name: collection
      sha256: "2f5709ae4d3d59dd8f7cd309b4e023046b57d8a6c82130785d2b0e5868084e76"
      url: "https://pub.dev"
    source: hosted
    version: "1.19.1"
  conventional_commit:
    dependency: transitive
    description:
      name: conventional_commit
      sha256: c40b1b449ce2a63fa2ce852f35e3890b1e182f5951819934c0e4a66254bc0dc3
      url: "https://pub.dev"
    source: hosted
    version: "0.6.1+1"
  cross_file:
    dependency: transitive
    description:
      name: cross_file
      sha256: "701dcfc06da0882883a2657c445103380e53e647060ad8d9dfb710c100996608"
      url: "https://pub.dev"
    source: hosted
    version: "0.3.5+1"
  crypto:
    dependency: transitive
    description:
      name: crypto
      sha256: c8ea0233063ba03258fbcf2ca4d6dadfefe14f02fab57702265467a19f27fadf
      url: "https://pub.dev"
    source: hosted
    version: "3.0.7"
  cupertino_icons:
    dependency: transitive
    description:
      name: cupertino_icons
      sha256: ba631d1c7f7bef6b729a622b7b752645a2d076dba9976925b8f25725a30e1ee6
      url: "https://pub.dev"
    source: hosted
    version: "1.0.8"
  dart_earcut:
    dependency: transitive
    description:
      name: dart_earcut
      sha256: e485001bfc05dcbc437d7bfb666316182e3522d4c3f9668048e004d0eb2ce43b
      url: "https://pub.dev"
    source: hosted
    version: "1.2.0"
  device_info_plus:
    dependency: transitive
    description:
      name: device_info_plus
      sha256: a7fd703482b391a87d60b6061d04dfdeab07826b96f9abd8f5ed98068acc0074
      url: "https://pub.dev"
    source: hosted
    version: "10.1.2"
  device_info_plus_platform_interface:
    dependency: transitive
    description:
      name: device_info_plus_platform_interface
      sha256: e1ea89119e34903dca74b883d0dd78eb762814f97fb6c76f35e9ff74d261a18f
      url: "https://pub.dev"
    source: hosted
    version: "7.0.3"
  diff_match_patch:
    dependency: transitive
    description:
      name: diff_match_patch
      sha256: "2efc9e6e8f449d0abe15be240e2c2a3bcd977c8d126cfd70598aee60af35c0a4"
      url: "https://pub.dev"
    source: hosted
    version: "0.4.1"
  equatable:
    dependency: transitive
    description:
      name: equatable
      sha256: "567c64b3cb4cf82397aac55f4f0cbd3ca20d77c6c03bedbc4ceaddc08904aef7"
      url: "https://pub.dev"
    source: hosted
    version: "2.0.7"
  fake_async:
    dependency: transitive
    description:
      name: fake_async
      sha256: "5368f224a74523e8d2e7399ea1638b37aecfca824a3cc4dfdf77bf1fa905ac44"
      url: "https://pub.dev"
    source: hosted
    version: "1.3.3"
  ffi:
    dependency: transitive
    description:
      name: ffi
      sha256: "289279317b4b16eb2bb7e271abccd4bf84ec9bdcbe999e278a94b804f5630418"
      url: "https://pub.dev"
    source: hosted
    version: "2.1.4"
  file:
    dependency: transitive
    description:
      name: file
      sha256: a3b4f84adafef897088c160faf7dfffb7696046cb13ae90b508c2cbc95d3b8d4
      url: "https://pub.dev"
    source: hosted
    version: "7.0.1"
  fixnum:
    dependency: transitive
    description:
      name: fixnum
      sha256: b6dc7065e46c974bc7c5f143080a6764ec7a4be6da1285ececdc37be96de53be
      url: "https://pub.dev"
    source: hosted
    version: "1.1.1"
  flare_flutter:
    dependency: transitive
    description:
      name: flare_flutter
      sha256: "99d63c60f00fac81249ce6410ee015d7b125c63d8278a30da81edf3317a1f6a0"
      url: "https://pub.dev"
    source: hosted
    version: "3.0.2"
  flutter:
    dependency: transitive
    description: flutter
    source: sdk
    version: "0.0.0"
  flutter_bloc:
    dependency: transitive
    description:
      name: flutter_bloc
      sha256: b594505eac31a0518bdcb4b5b79573b8d9117b193cc80cc12e17d639b10aa27a
      url: "https://pub.dev"
    source: hosted
    version: "8.1.6"
  flutter_cache_manager:
    dependency: transitive
    description:
      name: flutter_cache_manager
      sha256: "400b6592f16a4409a7f2bb929a9a7e38c72cceb8ffb99ee57bbf2cb2cecf8386"
      url: "https://pub.dev"
    source: hosted
    version: "3.4.1"
  flutter_lints:
    dependency: "direct dev"
    description:
      name: flutter_lints
      sha256: "5398f14efa795ffb7a33e9b6a08798b26a180edac4ad7db3f231e40f82ce11e1"
      url: "https://pub.dev"
    source: hosted
    version: "5.0.0"
  flutter_localizations:
    dependency: transitive
    description: flutter
    source: sdk
    version: "0.0.0"
  flutter_map:
    dependency: transitive
    description:
      name: flutter_map
      sha256: "2ecb34619a4be19df6f40c2f8dce1591675b4eff7a6857bd8f533706977385da"
      url: "https://pub.dev"
    source: hosted
    version: "7.0.2"
  flutter_map_marker_cluster:
    dependency: transitive
    description:
      name: flutter_map_marker_cluster
      sha256: "2c1fb4d7a2105c4bbeb89be215320507f4b71b2036df4341fab9d2aa677d3ae9"
      url: "https://pub.dev"
    source: hosted
    version: "1.4.0"
  flutter_map_marker_popup:
    dependency: transitive
    description:
      name: flutter_map_marker_popup
      sha256: a7540538114b5d1627ab67b498273d66bc36090385412ae49ef215af4a2861c5
      url: "https://pub.dev"
    source: hosted
    version: "7.0.0"
  flutter_svg:
    dependency: transitive
    description:
      name: flutter_svg
      sha256: "87fbd7c534435b6c5d9d98b01e1fd527812b82e68ddd8bd35fc45ed0fa8f0a95"
      url: "https://pub.dev"
    source: hosted
    version: "2.2.3"
  flutter_test:
    dependency: transitive
    description: flutter
    source: sdk
    version: "0.0.0"
  flutter_web_plugins:
    dependency: transitive
    description: flutter
    source: sdk
    version: "0.0.0"
  geolocator:
    dependency: transitive
    description:
      name: geolocator
      sha256: f62bcd90459e63210bbf9c35deb6a51c521f992a78de19a1fe5c11704f9530e2
      url: "https://pub.dev"
    source: hosted
    version: "13.0.4"
  geolocator_android:
    dependency: transitive
    description:
      name: geolocator_android
      sha256: fcb1760a50d7500deca37c9a666785c047139b5f9ee15aa5469fae7dbbe3170d
      url: "https://pub.dev"
    source: hosted
    version: "4.6.2"
  geolocator_apple:
    dependency: transitive
    description:
      name: geolocator_apple
      sha256: dbdd8789d5aaf14cf69f74d4925ad1336b4433a6efdf2fce91e8955dc921bf22
      url: "https://pub.dev"
    source: hosted
    version: "2.3.13"
  geolocator_platform_interface:
    dependency: transitive
    description:
      name: geolocator_platform_interface
      sha256: "30cb64f0b9adcc0fb36f628b4ebf4f731a2961a0ebd849f4b56200205056fe67"
      url: "https://pub.dev"
    source: hosted
    version: "4.2.6"
  geolocator_web:
    dependency: transitive
    description:
      name: geolocator_web
      sha256: b1ae9bdfd90f861fde8fd4f209c37b953d65e92823cb73c7dee1fa021b06f172
      url: "https://pub.dev"
    source: hosted
    version: "4.1.3"
  geolocator_windows:
    dependency: transitive
    description:
      name: geolocator_windows
      sha256: "175435404d20278ffd220de83c2ca293b73db95eafbdc8131fe8609be1421eb6"
      url: "https://pub.dev"
    source: hosted
    version: "0.2.5"
  glob:
    dependency: transitive
    description:
      name: glob
      sha256: c3f1ee72c96f8f78935e18aa8cecced9ab132419e8625dc187e1c2408efc20de
      url: "https://pub.dev"
    source: hosted
    version: "2.1.3"
  gql:
    dependency: transitive
    description:
      name: gql
      sha256: "67c32325eb55c15f526f0f5e7d8b38a463dbff2ec3c2e046be4a1a95f0dc93d1"
      url: "https://pub.dev"
    source: hosted
    version: "1.0.1"
  gql_dedupe_link:
    dependency: transitive
    description:
      name: gql_dedupe_link
      sha256: "10bee0564d67c24e0c8bd08bd56e0682b64a135e58afabbeed30d85d5e9fea96"
      url: "https://pub.dev"
    source: hosted
    version: "2.0.4-alpha+1715521079596"
  gql_error_link:
    dependency: transitive
    description:
      name: gql_error_link
      sha256: dd0f3fbfbcec848ea050507470cdb5d3dc47d29544ae11044a1c883cbe159ccc
      url: "https://pub.dev"
    source: hosted
    version: "1.0.1"
  gql_exec:
    dependency: transitive
    description:
      name: gql_exec
      sha256: "394944626fae900f1d34343ecf2d62e44eb984826189c8979d305f0ae5846e38"
      url: "https://pub.dev"
    source: hosted
    version: "1.1.1-alpha+1699813812660"
  gql_http_link:
    dependency: transitive
    description:
      name: gql_http_link
      sha256: "07635e85a4f313836904961904417fd27844fe8f68f77b410a4e6b81d8e9202e"
      url: "https://pub.dev"
    source: hosted
    version: "1.2.0"
  gql_link:
    dependency: transitive
    description:
      name: gql_link
      sha256: "0730276ce3a6a0ced073194ff923a8d99b3c78e442cbf096eb54fd0c3fa9f974"
      url: "https://pub.dev"
    source: hosted
    version: "1.1.0"
  gql_transform_link:
    dependency: transitive
    description:
      name: gql_transform_link
      sha256: b3bb06a6991bc5c9d877e2757455f80e2c14dc684b8327bedae4f4ee67afae8b
      url: "https://pub.dev"
    source: hosted
    version: "1.0.1"
  graphql:
    dependency: transitive
    description:
      name: graphql
      sha256: "297a1680520e7b4d3c5784cfcea11a16d599702911b74a8ab50857c6d58741b9"
      url: "https://pub.dev"
    source: hosted
    version: "5.2.3"
  graphs:
    dependency: transitive
    description:
      name: graphs
      sha256: "741bbf84165310a68ff28fe9e727332eef1407342fca52759cb21ad8177bb8d0"
      url: "https://pub.dev"
    source: hosted
    version: "2.3.2"
  gtk:
    dependency: transitive
    description:
      name: gtk
      sha256: e8ce9ca4b1df106e4d72dad201d345ea1a036cc12c360f1a7d5a758f78ffa42c
      url: "https://pub.dev"
    source: hosted
    version: "2.1.0"
  hive:
    dependency: transitive
    description:
      name: hive
      sha256: "8dcf6db979d7933da8217edcec84e9df1bdb4e4edc7fc77dbd5aa74356d6d941"
      url: "https://pub.dev"
    source: hosted
    version: "2.2.3"
  hive_ce:
    dependency: transitive
    description:
      name: hive_ce
      sha256: "81d39a03c4c0ba5938260a8c3547d2e71af59defecea21793d57fc3551f0d230"
      url: "https://pub.dev"
    source: hosted
    version: "2.15.1"
  http:
    dependency: transitive
    description:
      name: http
      sha256: "87721a4a50b19c7f1d49001e51409bddc46303966ce89a65af4f4e6004896412"
      url: "https://pub.dev"
    source: hosted
    version: "1.6.0"
  http_parser:
    dependency: transitive
    description:
      name: http_parser
      sha256: "178d74305e7866013777bab2c3d8726205dc5a4dd935297175b19a23a2e66571"
      url: "https://pub.dev"
    source: hosted
    version: "4.1.2"
  in_app_review:
    dependency: transitive
    description:
      name: in_app_review
      sha256: ab26ac54dbd802896af78c670b265eaeab7ecddd6af4d0751e9604b60574817f
      url: "https://pub.dev"
    source: hosted
    version: "2.0.11"
  in_app_review_platform_interface:
    dependency: transitive
    description:
      name: in_app_review_platform_interface
      sha256: fed2c755f2125caa9ae10495a3c163aa7fab5af3585a9c62ef4a6920c5b45f10
      url: "https://pub.dev"
    source: hosted
    version: "2.0.5"
  intl:
    dependency: transitive
    description:
      name: intl
      sha256: "3df61194eb431efc39c4ceba583b95633a403f46c9fd341e550ce0bfa50e9aa5"
      url: "https://pub.dev"
    source: hosted
    version: "0.20.2"
  io:
    dependency: transitive
    description:
      name: io
      sha256: dfd5a80599cf0165756e3181807ed3e77daf6dd4137caaad72d0b7931597650b
      url: "https://pub.dev"
    source: hosted
    version: "1.0.5"
  isolate_channel:
    dependency: transitive
    description:
      name: isolate_channel
      sha256: f3d36f783b301e6b312c3450eeb2656b0e7d1db81331af2a151d9083a3f6b18d
      url: "https://pub.dev"
    source: hosted
    version: "0.2.2+1"
  json_annotation:
    dependency: transitive
    description:
      name: json_annotation
      sha256: "1ce844379ca14835a50d2f019a3099f419082cfdd231cd86a142af94dd5c6bb1"
      url: "https://pub.dev"
    source: hosted
    version: "4.9.0"
  latlong2:
    dependency: transitive
    description:
      name: latlong2
      sha256: "98227922caf49e6056f91b6c56945ea1c7b166f28ffcd5fb8e72fc0b453cc8fe"
      url: "https://pub.dev"
    source: hosted
    version: "0.9.1"
  leak_tracker:
    dependency: transitive
    description:
      name: leak_tracker
      sha256: "33e2e26bdd85a0112ec15400c8cbffea70d0f9c3407491f672a2fad47915e2de"
      url: "https://pub.dev"
    source: hosted
    version: "11.0.2"
  leak_tracker_flutter_testing:
    dependency: transitive
    description:
      name: leak_tracker_flutter_testing
      sha256: "1dbc140bb5a23c75ea9c4811222756104fbcd1a27173f0c34ca01e16bea473c1"
      url: "https://pub.dev"
    source: hosted
    version: "3.0.10"
  leak_tracker_testing:
    dependency: transitive
    description:
      name: leak_tracker_testing
      sha256: "8d5a2d49f4a66b49744b23b018848400d23e54caf9463f4eb20df3eb8acb2eb1"
      url: "https://pub.dev"
    source: hosted
    version: "3.0.2"
  lints:
    dependency: transitive
    description:
      name: lints
      sha256: c35bb79562d980e9a453fc715854e1ed39e24e7d0297a880ef54e17f9874a9d7
      url: "https://pub.dev"
    source: hosted
    version: "5.1.1"
  lists:
    dependency: transitive
    description:
      name: lists
      sha256: "4ca5c19ae4350de036a7e996cdd1ee39c93ac0a2b840f4915459b7d0a7d4ab27"
      url: "https://pub.dev"
    source: hosted
    version: "1.0.1"
  logger:
    dependency: transitive
    description:
      name: logger
      sha256: a7967e31b703831a893bbc3c3dd11db08126fe5f369b5c648a36f821979f5be3
      url: "https://pub.dev"
    source: hosted
    version: "2.6.2"
  matcher:
    dependency: transitive
    description:
      name: matcher
      sha256: dc58c723c3c24bf8d3e2d3ad3f2f9d7bd9cf43ec6feaa64181775e60190153f2
      url: "https://pub.dev"
    source: hosted
    version: "0.12.17"
  material_color_utilities:
    dependency: transitive
    description:
      name: material_color_utilities
      sha256: f7142bb1154231d7ea5f96bc7bde4bda2a0945d2806bb11670e30b850d56bdec
      url: "https://pub.dev"
    source: hosted
    version: "0.11.1"
  melos:
    dependency: "direct dev"
    description:
      name: melos
      sha256: ff2da25990d83b0db883eb257e4fa25eb78150a329e7bfab7a379499d0f5f6f7
      url: "https://pub.dev"
    source: hosted
    version: "7.3.0"
  meta:
    dependency: transitive
    description:
      name: meta
      sha256: "23f08335362185a5ea2ad3a4e597f1375e78bce8a040df5c600c8d3552ef2394"
      url: "https://pub.dev"
    source: hosted
    version: "1.17.0"
  mgrs_dart:
    dependency: transitive
    description:
      name: mgrs_dart
      sha256: fb89ae62f05fa0bb90f70c31fc870bcbcfd516c843fb554452ab3396f78586f7
      url: "https://pub.dev"
    source: hosted
    version: "2.0.0"
  mime:
    dependency: transitive
    description:
      name: mime
      sha256: "41a20518f0cb1256669420fdba0cd90d21561e560ac240f26ef8322e45bb7ed6"
      url: "https://pub.dev"
    source: hosted
    version: "2.0.0"
  mustache_template:
    dependency: transitive
    description:
      name: mustache_template
      sha256: daa42be75f2ccfb287c24a75e7ac594f2ea0b32bf9ebe7c15154aa45b2dfb2de
      url: "https://pub.dev"
    source: hosted
    version: "2.0.2"
  nested:
    dependency: transitive
    description:
      name: nested
      sha256: "03bac4c528c64c95c722ec99280375a6f2fc708eec17c7b3f07253b626cd2a20"
      url: "https://pub.dev"
    source: hosted
    version: "1.0.0"
  normalize:
    dependency: transitive
    description:
      name: normalize
      sha256: f78bf0552b9640c76369253f0b8fdabad4f3fbfc06bdae9359e71bee9a5b071b
      url: "https://pub.dev"
    source: hosted
    version: "0.9.1"
  octo_image:
    dependency: transitive
    description:
      name: octo_image
      sha256: "34faa6639a78c7e3cbe79be6f9f96535867e879748ade7d17c9b1ae7536293bd"
      url: "https://pub.dev"
    source: hosted
    version: "2.1.0"
  package_info_plus:
    dependency: transitive
    description:
      name: package_info_plus
      sha256: "16eee997588c60225bda0488b6dcfac69280a6b7a3cf02c741895dd370a02968"
      url: "https://pub.dev"
    source: hosted
    version: "8.3.1"
  package_info_plus_platform_interface:
    dependency: transitive
    description:
      name: package_info_plus_platform_interface
      sha256: "202a487f08836a592a6bd4f901ac69b3a8f146af552bbd14407b6b41e1c3f086"
      url: "https://pub.dev"
    source: hosted
    version: "3.2.1"
  path:
    dependency: transitive
    description:
      name: path
      sha256: "75cca69d1490965be98c73ceaea117e8a04dd21217b37b292c9ddbec0d955bc5"
      url: "https://pub.dev"
    source: hosted
    version: "1.9.1"
  path_parsing:
    dependency: transitive
    description:
      name: path_parsing
      sha256: "883402936929eac138ee0a45da5b0f2c80f89913e6dc3bf77eb65b84b409c6ca"
      url: "https://pub.dev"
    source: hosted
    version: "1.1.0"
  path_provider:
    dependency: transitive
    description:
      name: path_provider
      sha256: "50c5dd5b6e1aaf6fb3a78b33f6aa3afca52bf903a8a5298f53101fdaee55bbcd"
      url: "https://pub.dev"
    source: hosted
    version: "2.1.5"
  path_provider_android:
    dependency: transitive
    description:
      name: path_provider_android
      sha256: f2c65e21139ce2c3dad46922be8272bb5963516045659e71bb16e151c93b580e
      url: "https://pub.dev"
    source: hosted
    version: "2.2.22"
  path_provider_foundation:
    dependency: transitive
    description:
      name: path_provider_foundation
      sha256: "6d13aece7b3f5c5a9731eaf553ff9dcbc2eff41087fd2df587fd0fed9a3eb0c4"
      url: "https://pub.dev"
    source: hosted
    version: "2.5.1"
  path_provider_linux:
    dependency: transitive
    description:
      name: path_provider_linux
      sha256: f7a1fe3a634fe7734c8d3f2766ad746ae2a2884abe22e241a8b301bf5cac3279
      url: "https://pub.dev"
    source: hosted
    version: "2.2.1"
  path_provider_platform_interface:
    dependency: transitive
    description:
      name: path_provider_platform_interface
      sha256: "88f5779f72ba699763fa3a3b06aa4bf6de76c8e5de842cf6f29e2e06476c2334"
      url: "https://pub.dev"
    source: hosted
    version: "2.1.2"
  path_provider_windows:
    dependency: transitive
    description:
      name: path_provider_windows
      sha256: bd6f00dbd873bfb70d0761682da2b3a2c2fccc2b9e84c495821639601d81afe7
      url: "https://pub.dev"
    source: hosted
    version: "2.3.0"
  petitparser:
    dependency: transitive
    description:
      name: petitparser
      sha256: "1a97266a94f7350d30ae522c0af07890c70b8e62c71e8e3920d1db4d23c057d1"
      url: "https://pub.dev"
    source: hosted
    version: "7.0.1"
  platform:
    dependency: transitive
    description:
      name: platform
      sha256: "5d6b1b0036a5f331ebc77c850ebc8506cbc1e9416c27e59b439f917a902a4984"
      url: "https://pub.dev"
    source: hosted
    version: "3.1.6"
  plugin_platform_interface:
    dependency: transitive
    description:
      name: plugin_platform_interface
      sha256: "4820fbfdb9478b1ebae27888254d445073732dae3d6ea81f0b7e06d5dedc3f02"
      url: "https://pub.dev"
    source: hosted
    version: "2.1.8"
  polylabel:
    dependency: transitive
    description:
      name: polylabel
      sha256: "41b9099afb2aa6c1730bdd8a0fab1400d287694ec7615dd8516935fa3144214b"
      url: "https://pub.dev"
    source: hosted
    version: "1.0.1"
  pool:
    dependency: transitive
    description:
      name: pool
      sha256: "978783255c543aa3586a1b3c21f6e9d720eb315376a915872c61ef8b5c20177d"
      url: "https://pub.dev"
    source: hosted
    version: "1.5.2"
  process:
    dependency: transitive
    description:
      name: process
      sha256: c6248e4526673988586e8c00bb22a49210c258dc91df5227d5da9748ecf79744
      url: "https://pub.dev"
    source: hosted
    version: "5.0.5"
  proj4dart:
    dependency: transitive
    description:
      name: proj4dart
      sha256: c8a659ac9b6864aa47c171e78d41bbe6f5e1d7bd790a5814249e6b68bc44324e
      url: "https://pub.dev"
    source: hosted
    version: "2.1.0"
  prompts:
    dependency: transitive
    description:
      name: prompts
      sha256: "3773b845e85a849f01e793c4fc18a45d52d7783b4cb6c0569fad19f9d0a774a1"
      url: "https://pub.dev"
    source: hosted
    version: "2.0.0"
  provider:
    dependency: transitive
    description:
      name: provider
      sha256: "4e82183fa20e5ca25703ead7e05de9e4cceed1fbd1eadc1ac3cb6f565a09f272"
      url: "https://pub.dev"
    source: hosted
    version: "6.1.5+1"
  pub_semver:
    dependency: transitive
    description:
      name: pub_semver
      sha256: "5bfcf68ca79ef689f8990d1160781b4bad40a3bd5e5218ad4076ddb7f4081585"
      url: "https://pub.dev"
    source: hosted
    version: "2.2.0"
  pub_updater:
    dependency: transitive
    description:
      name: pub_updater
      sha256: "739a0161d73a6974c0675b864fb0cf5147305f7b077b7f03a58fa7a9ab3e7e7d"
      url: "https://pub.dev"
    source: hosted
    version: "0.5.0"
  pubspec_parse:
    dependency: transitive
    description:
      name: pubspec_parse
      sha256: "0560ba233314abbed0a48a2956f7f022cce7c3e1e73df540277da7544cad4082"
      url: "https://pub.dev"
    source: hosted
    version: "1.5.0"
  routemaster:
    dependency: transitive
    description:
      name: routemaster
      sha256: b3b10b6ee31c741b453091e6b33323cc96631b19e4a14fc6069e9de056c7311c
      url: "https://pub.dev"
    source: hosted
    version: "1.0.1"
  rxdart:
    dependency: transitive
    description:
      name: rxdart
      sha256: "5c3004a4a8dbb94bd4bf5412a4def4acdaa12e12f269737a5751369e12d1a962"
      url: "https://pub.dev"
    source: hosted
    version: "0.28.0"
  share_plus:
    dependency: transitive
    description:
      name: share_plus
      sha256: fce43200aa03ea87b91ce4c3ac79f0cecd52e2a7a56c7a4185023c271fbfa6da
      url: "https://pub.dev"
    source: hosted
    version: "10.1.4"
  share_plus_platform_interface:
    dependency: transitive
    description:
      name: share_plus_platform_interface
      sha256: cc012a23fc2d479854e6c80150696c4a5f5bb62cb89af4de1c505cf78d0a5d0b
      url: "https://pub.dev"
    source: hosted
    version: "5.0.2"
  sky_engine:
    dependency: transitive
    description: flutter
    source: sdk
    version: "0.0.0"
  source_span:
    dependency: transitive
    description:
      name: source_span
      sha256: "254ee5351d6cb365c859e20ee823c3bb479bf4a293c22d17a9f1bf144ce86f7c"
      url: "https://pub.dev"
    source: hosted
    version: "1.10.1"
  sqflite:
    dependency: transitive
    description:
      name: sqflite
      sha256: e2297b1da52f127bc7a3da11439985d9b536f75070f3325e62ada69a5c585d03
      url: "https://pub.dev"
    source: hosted
    version: "2.4.2"
  sqflite_android:
    dependency: transitive
    description:
      name: sqflite_android
      sha256: ecd684501ebc2ae9a83536e8b15731642b9570dc8623e0073d227d0ee2bfea88
      url: "https://pub.dev"
    source: hosted
    version: "2.4.2+2"
  sqflite_common:
    dependency: transitive
    description:
      name: sqflite_common
      sha256: "6ef422a4525ecc601db6c0a2233ff448c731307906e92cabc9ba292afaae16a6"
      url: "https://pub.dev"
    source: hosted
    version: "2.5.6"
  sqflite_darwin:
    dependency: transitive
    description:
      name: sqflite_darwin
      sha256: "279832e5cde3fe99e8571879498c9211f3ca6391b0d818df4e17d9fff5c6ccb3"
      url: "https://pub.dev"
    source: hosted
    version: "2.4.2"
  sqflite_platform_interface:
    dependency: transitive
    description:
      name: sqflite_platform_interface
      sha256: "8dd4515c7bdcae0a785b0062859336de775e8c65db81ae33dd5445f35be61920"
      url: "https://pub.dev"
    source: hosted
    version: "2.4.0"
  stack_trace:
    dependency: transitive
    description:
      name: stack_trace
      sha256: "8b27215b45d22309b5cddda1aa2b19bdfec9df0e765f2de506401c071d38d1b1"
      url: "https://pub.dev"
    source: hosted
    version: "1.12.1"
  stream_channel:
    dependency: transitive
    description:
      name: stream_channel
      sha256: "969e04c80b8bcdf826f8f16579c7b14d780458bd97f56d107d3950fdbeef059d"
      url: "https://pub.dev"
    source: hosted
    version: "2.1.4"
  string_scanner:
    dependency: transitive
    description:
      name: string_scanner
      sha256: "921cd31725b72fe181906c6a94d987c78e3b98c2e205b397ea399d4054872b43"
      url: "https://pub.dev"
    source: hosted
    version: "1.4.1"
  synchronized:
    dependency: transitive
    description:
      name: synchronized
      sha256: c254ade258ec8282947a0acbbc90b9575b4f19673533ee46f2f6e9b3aeefd7c0
      url: "https://pub.dev"
    source: hosted
    version: "3.4.0"
  term_glyph:
    dependency: transitive
    description:
      name: term_glyph
      sha256: "7f554798625ea768a7518313e58f83891c7f5024f88e46e7182a4558850a4b8e"
      url: "https://pub.dev"
    source: hosted
    version: "1.2.2"
  test_api:
    dependency: transitive
    description:
      name: test_api
      sha256: ab2726c1a94d3176a45960b6234466ec367179b87dd74f1611adb1f3b5fb9d55
      url: "https://pub.dev"
    source: hosted
    version: "0.7.7"
  typed_data:
    dependency: transitive
    description:
      name: typed_data
      sha256: f9049c039ebfeb4cf7a7104a675823cd72dba8297f264b6637062516699fa006
      url: "https://pub.dev"
    source: hosted
    version: "1.4.0"
  unicode:
    dependency: transitive
    description:
      name: unicode
      sha256: "0f69e46593d65245774d4f17125c6084d2c20b4e473a983f6e21b7d7762218f1"
      url: "https://pub.dev"
    source: hosted
    version: "0.3.1"
  url_launcher:
    dependency: transitive
    description:
      name: url_launcher
      sha256: f6a7e5c4835bb4e3026a04793a4199ca2d14c739ec378fdfe23fc8075d0439f8
      url: "https://pub.dev"
    source: hosted
    version: "6.3.2"
  url_launcher_android:
    dependency: transitive
    description:
      name: url_launcher_android
      sha256: "767344bf3063897b5cf0db830e94f904528e6dd50a6dfaf839f0abf509009611"
      url: "https://pub.dev"
    source: hosted
    version: "6.3.28"
  url_launcher_ios:
    dependency: transitive
    description:
      name: url_launcher_ios
      sha256: cfde38aa257dae62ffe79c87fab20165dfdf6988c1d31b58ebf59b9106062aad
      url: "https://pub.dev"
    source: hosted
    version: "6.3.6"
  url_launcher_linux:
    dependency: transitive
    description:
      name: url_launcher_linux
      sha256: d5e14138b3bc193a0f63c10a53c94b91d399df0512b1f29b94a043db7482384a
      url: "https://pub.dev"
    source: hosted
    version: "3.2.2"
  url_launcher_macos:
    dependency: transitive
    description:
      name: url_launcher_macos
      sha256: "368adf46f71ad3c21b8f06614adb38346f193f3a59ba8fe9a2fd74133070ba18"
      url: "https://pub.dev"
    source: hosted
    version: "3.2.5"
  url_launcher_platform_interface:
    dependency: transitive
    description:
      name: url_launcher_platform_interface
      sha256: "552f8a1e663569be95a8190206a38187b531910283c3e982193e4f2733f01029"
      url: "https://pub.dev"
    source: hosted
    version: "2.3.2"
  url_launcher_web:
    dependency: transitive
    description:
      name: url_launcher_web
      sha256: "4bd2b7b4dc4d4d0b94e5babfffbca8eac1a126c7f3d6ecbc1a11013faa3abba2"
      url: "https://pub.dev"
    source: hosted
    version: "2.4.1"
  url_launcher_windows:
    dependency: transitive
    description:
      name: url_launcher_windows
      sha256: "712c70ab1b99744ff066053cbe3e80c73332b38d46e5e945c98689b2e66fc15f"
      url: "https://pub.dev"
    source: hosted
    version: "3.1.5"
  uuid:
    dependency: transitive
    description:
      name: uuid
      sha256: a11b666489b1954e01d992f3d601b1804a33937b5a8fe677bd26b8a9f96f96e8
      url: "https://pub.dev"
    source: hosted
    version: "4.5.2"
  vector_graphics:
    dependency: transitive
    description:
      name: vector_graphics
      sha256: a4f059dc26fc8295b5921376600a194c4ec7d55e72f2fe4c7d2831e103d461e6
      url: "https://pub.dev"
    source: hosted
    version: "1.1.19"
  vector_graphics_codec:
    dependency: transitive
    description:
      name: vector_graphics_codec
      sha256: "99fd9fbd34d9f9a32efd7b6a6aae14125d8237b10403b422a6a6dfeac2806146"
      url: "https://pub.dev"
    source: hosted
    version: "1.1.13"
  vector_graphics_compiler:
    dependency: transitive
    description:
      name: vector_graphics_compiler
      sha256: d354a7ec6931e6047785f4db12a1f61ec3d43b207fc0790f863818543f8ff0dc
      url: "https://pub.dev"
    source: hosted
    version: "1.1.19"
  vector_math:
    dependency: transitive
    description:
      name: vector_math
      sha256: d530bd74fea330e6e364cda7a85019c434070188383e1cd8d9777ee586914c5b
      url: "https://pub.dev"
    source: hosted
    version: "2.2.0"
  vm_service:
    dependency: transitive
    description:
      name: vm_service
      sha256: "45caa6c5917fa127b5dbcfbd1fa60b14e583afdc08bfc96dda38886ca252eb60"
      url: "https://pub.dev"
    source: hosted
    version: "15.0.2"
  web:
    dependency: transitive
    description:
      name: web
      sha256: "868d88a33d8a87b18ffc05f9f030ba328ffefba92d6c127917a2ba740f9cfe4a"
      url: "https://pub.dev"
    source: hosted
    version: "1.1.1"
  web_socket:
    dependency: transitive
    description:
      name: web_socket
      sha256: "34d64019aa8e36bf9842ac014bb5d2f5586ca73df5e4d9bf5c936975cae6982c"
      url: "https://pub.dev"
    source: hosted
    version: "1.0.1"
  web_socket_channel:
    dependency: transitive
    description:
      name: web_socket_channel
      sha256: d645757fb0f4773d602444000a8131ff5d48c9e47adfe9772652dd1a4f2d45c8
      url: "https://pub.dev"
    source: hosted
    version: "3.0.3"
  win32:
    dependency: transitive
    description:
      name: win32
      sha256: d7cb55e04cd34096cd3a79b3330245f54cb96a370a1c27adb3c84b917de8b08e
      url: "https://pub.dev"
    source: hosted
    version: "5.15.0"
  win32_registry:
    dependency: transitive
    description:
      name: win32_registry
      sha256: "21ec76dfc731550fd3e2ce7a33a9ea90b828fdf19a5c3bcf556fa992cfa99852"
      url: "https://pub.dev"
    source: hosted
    version: "1.1.5"
  wkt_parser:
    dependency: transitive
    description:
      name: wkt_parser
      sha256: "8a555fc60de3116c00aad67891bcab20f81a958e4219cc106e3c037aa3937f13"
      url: "https://pub.dev"
    source: hosted
    version: "2.0.0"
  xdg_directories:
    dependency: transitive
    description:
      name: xdg_directories
      sha256: "7a3f37b05d989967cdddcbb571f1ea834867ae2faa29725fd085180e0883aa15"
      url: "https://pub.dev"
    source: hosted
    version: "1.1.0"
  xml:
    dependency: transitive
    description:
      name: xml
      sha256: "971043b3a0d3da28727e40ed3e0b5d18b742fa5a68665cca88e74b7876d5e025"
      url: "https://pub.dev"
    source: hosted
    version: "6.6.1"
  yaml:
    dependency: transitive
    description:
      name: yaml
      sha256: b9da305ac7c39faa3f030eccd175340f968459dae4af175130b3fc47e40d76ce
      url: "https://pub.dev"
    source: hosted
    version: "3.1.3"
  yaml_edit:
    dependency: transitive
    description:
      name: yaml_edit
      sha256: fb38626579fb345ad00e674e2af3a5c9b0cc4b9bfb8fd7f7ff322c7c9e62aef5
      url: "https://pub.dev"
    source: hosted
    version: "2.2.2"
sdks:
  dart: ">=3.10.0 <4.0.0"
  flutter: ">=3.38.1 <4.0.0"
