PODS:
  - app_links (7.0.0):
    - Flutter
  - device_info_plus (0.0.1):
    - Flutter
  - Flutter (1.0.0)
  - geolocator_apple (1.2.0):
    - Flutter
  - in_app_review (2.0.0):
    - Flutter
  - package_info_plus (0.4.5):
    - Flutter
  - path_provider_foundation (0.0.1):
    - Flutter
    - FlutterMacOS
  - share_plus (0.0.1):
    - Flutter
  - sqflite (0.0.3):
    - Flutter
    - FlutterMacOS
  - url_launcher_ios (0.0.1):
    - Flutter

DEPENDENCIES:
  - app_links (from `.symlinks/plugins/app_links/ios`)
  - device_info_plus (from `.symlinks/plugins/device_info_plus/ios`)
  - Flutter (from `Flutter`)
  - geolocator_apple (from `.symlinks/plugins/geolocator_apple/ios`)
  - in_app_review (from `.symlinks/plugins/in_app_review/ios`)
  - package_info_plus (from `.symlinks/plugins/package_info_plus/ios`)
  - path_provider_foundation (from `.symlinks/plugins/path_provider_foundation/darwin`)
  - share_plus (from `.symlinks/plugins/share_plus/ios`)
  - sqflite (from `.symlinks/plugins/sqflite/darwin`)
  - url_launcher_ios (from `.symlinks/plugins/url_launcher_ios/ios`)

EXTERNAL SOURCES:
  app_links:
    :path: ".symlinks/plugins/app_links/ios"
  device_info_plus:
    :path: ".symlinks/plugins/device_info_plus/ios"
  Flutter:
    :path: Flutter
  geolocator_apple:
    :path: ".symlinks/plugins/geolocator_apple/ios"
  in_app_review:
    :path: ".symlinks/plugins/in_app_review/ios"
  package_info_plus:
    :path: ".symlinks/plugins/package_info_plus/ios"
  path_provider_foundation:
    :path: ".symlinks/plugins/path_provider_foundation/darwin"
  share_plus:
    :path: ".symlinks/plugins/share_plus/ios"
  sqflite:
    :path: ".symlinks/plugins/sqflite/darwin"
  url_launcher_ios:
    :path: ".symlinks/plugins/url_launcher_ios/ios"

SPEC CHECKSUMS:
  app_links: a754cbec3c255bd4bbb4d236ecc06f28cd9a7ce8
  device_info_plus: 71ffc6ab7634ade6267c7a93088ed7e4f74e5896
  Flutter: cabc95a1d2626b1b06e7179b784ebcf0c0cde467
  geolocator_apple: d981750b9f47dbdb02427e1476d9a04397beb8d9
  in_app_review: 7dd1ea365263f834b8464673f9df72c80c17c937
  package_info_plus: 580e9a5f1b6ca5594e7c9ed5f92d1dfb2a66b5e1
  path_provider_foundation: 080d55be775b7414fd5a5ef3ac137b97b097e564
  share_plus: 011d6fb4f9d2576b83179a3a5c5e323202cdabcf
  sqflite: c35dad70033b8862124f8337cc994a809fcd9fa3
  url_launcher_ios: 694010445543906933d732453a59da0a173ae33d

PODFILE CHECKSUM: 4f1c12611da7338d21589c0b2ecd6bd20b109694

COCOAPODS: 1.16.2
